{
  "name": "zenn-content",
  "lockfileVersion": 2,
  "requires": true,
  "packages": {
    "": {
      "license": "UNLICENSED",
      "dependencies": {
        "zenn-cli": "^0.1.161"
      },
      "devDependencies": {
        "prettier": "^2.7.1",
        "prettier-plugin-md-nocjsp": "^1.4.0"
      }
    },
    "node_modules/prettier": {
      "version": "2.7.1",
      "resolved": "https://registry.npmjs.org/prettier/-/prettier-2.7.1.tgz",
      "integrity": "sha512-ujppO+MkdPqoVINuDFDRLClm7D78qbDt0/NR+wp5FqEZOoTNAjPHWj17QRhu7geIHJfcNhRk1XVQmF8Bp3ye+g==",
      "dev": true,
      "license": "MIT",
      "bin": {
        "prettier": "bin-prettier.js"
      },
      "engines": {
        "node": ">=10.13.0"
      },
      "funding": {
        "url": "https://github.com/prettier/prettier?sponsor=1"
      }
    },
    "node_modules/prettier-plugin-md-nocjsp": {
      "version": "1.4.0",
      "resolved": "https://registry.npmjs.org/prettier-plugin-md-nocjsp/-/prettier-plugin-md-nocjsp-1.4.0.tgz",
      "integrity": "sha512-w8N5N7w5lSVj+kX4d9fYU3xeFdxh/CkoYHy7CojtZJCkwOZXrTBvymJMnnOjBLNseTJ24j0q+BlmpkTNq+rxbg==",
      "dev": true,
      "license": "MIT"
    },
    "node_modules/zenn-cli": {
      "version": "0.1.161",
      "resolved": "https://registry.npmjs.org/zenn-cli/-/zenn-cli-0.1.161.tgz",
      "integrity": "sha512-PVdw0zj2GwtAaYbrvN/a5C2IHIzRhAu24AYkw16r344O8FYt/29v0pnGNQFKVfZdSZlgcl5HnH7jQWmlOVdXPw==",
      "license": "MIT",
      "bin": {
        "zenn": "dist/server/zenn.js"
      },
      "engines": {
        "node": ">=14.0.0"
      }
    }
  },
  "dependencies": {
    "prettier": {
      "version": "2.7.1",
      "resolved": "https://registry.npmjs.org/prettier/-/prettier-2.7.1.tgz",
      "integrity": "sha512-ujppO+MkdPqoVINuDFDRLClm7D78qbDt0/NR+wp5FqEZOoTNAjPHWj17QRhu7geIHJfcNhRk1XVQmF8Bp3ye+g==",
      "dev": true
    },
    "prettier-plugin-md-nocjsp": {
      "version": "1.4.0",
      "resolved": "https://registry.npmjs.org/prettier-plugin-md-nocjsp/-/prettier-plugin-md-nocjsp-1.4.0.tgz",
      "integrity": "sha512-w8N5N7w5lSVj+kX4d9fYU3xeFdxh/CkoYHy7CojtZJCkwOZXrTBvymJMnnOjBLNseTJ24j0q+BlmpkTNq+rxbg==",
      "dev": true
    },
    "zenn-cli": {
      "version": "0.1.161",
      "resolved": "https://registry.npmjs.org/zenn-cli/-/zenn-cli-0.1.161.tgz",
      "integrity": "sha512-PVdw0zj2GwtAaYbrvN/a5C2IHIzRhAu24AYkw16r344O8FYt/29v0pnGNQFKVfZdSZlgcl5HnH7jQWmlOVdXPw=="
    }
  }
}
